# THIS IS AN AUTOGENERATED FILE. DO NOT EDIT THIS FILE DIRECTLY.
# yarn lockfile v1


"@babel/runtime@^7.10.3":
  version "7.11.2"
  resolved "https://registry.yarnpkg.com/@babel/runtime/-/runtime-7.11.2.tgz#f549c13c754cc40b87644b9fa9f09a6a95fe0736"
  integrity sha512-TeWkU52so0mPtDcaCTxNBI/IHiz0pZgr8VEFqXFtZWpYD08ZB6FaSwVAS8MKRQAP3bYKiVjwysOJgMFY28o6Tw==
  dependencies:
    regenerator-runtime "^0.13.4"

axios@^0.20.0:
  version "0.20.0"
  resolved "https://registry.yarnpkg.com/axios/-/axios-0.20.0.tgz#057ba30f04884694993a8cd07fa394cff11c50bd"
  integrity sha512-ANA4rr2BDcmmAQLOKft2fufrtuvlqR+cXNNinUmvfeSNCOF98PZL+7M/v1zIdGo7OLjEA9J2gXJL+j4zGsl0bA==
  dependencies:
    follow-redirects "^1.10.0"

dotenv@^8.2.0:
  version "8.2.0"
  resolved "https://registry.yarnpkg.com/dotenv/-/dotenv-8.2.0.tgz#97e619259ada750eea3e4ea3e26bceea5424b16a"
  integrity sha512-8sJ78ElpbDJBHNeBzUbUVLsqKdccaa/BXF1uPTw3GrvQTBgrQrtObr2mUrE38vzYd8cEv+m/JBfDLioYcfXoaw==

follow-redirects@^1.10.0:
  version "1.13.0"
  resolved "https://registry.yarnpkg.com/follow-redirects/-/follow-redirects-1.13.0.tgz#b42e8d93a2a7eea5ed88633676d6597bc8e384db"
  integrity sha512-aq6gF1BEKje4a9i9+5jimNFIpq4Q1WiwBToeRK5NvZBd/TRsmW8BsJfOEGkr76TbOyPVD3OVDN910EcUNtRYEA==

howler@^2.2.0:
  version "2.2.0"
  resolved "https://registry.yarnpkg.com/howler/-/howler-2.2.0.tgz#0e2c780997ae65ab9a1a186333031beac1c63c6b"
  integrity sha512-sGPkrAQy7jh5mNDbkRNG0F82R2HFDYNsQXBcX4smXQT0y0F4UMsa/+jXaGwWvcrajWr2tDB7JUkH7G5qSnuIyQ==

m3u8stream@^0.7.1:
  version "0.7.1"
  resolved "https://registry.yarnpkg.com/m3u8stream/-/m3u8stream-0.7.1.tgz#74b01a67ca248ac7bbdc263a65d9d8d2c479a65c"
  integrity sha512-z6ldnAdhbuWOL6LmMkwptSZGzj+qbRytMKLTbNicwF/bJMjf9U9lqD57RNQUFecvWadEkzy6PDjcNJFFgi19uQ==
  dependencies:
    miniget "^1.6.1"
    sax "^1.2.4"

miniget@^1.6.1:
  version "1.7.2"
  resolved "https://registry.yarnpkg.com/miniget/-/miniget-1.7.2.tgz#f95eff50b78d798dddee2460c4aa3c72db1aa23a"
  integrity sha512-USPNNK2bnHLOplX8BZVMehUkyQizS/DFpBdoH0TS+fM+hQoLNg9tWg4MeY9wE8gfY0pbzmx5UBEODujt3Lz8AA==

regenerator-runtime@^0.13.4:
  version "0.13.7"
  resolved "https://registry.yarnpkg.com/regenerator-runtime/-/regenerator-runtime-0.13.7.tgz#cac2dacc8a1ea675feaabaeb8ae833898ae46f55"
  integrity sha512-a54FxoJDIr27pgf7IgeQGxmqUNYrcV338lf/6gH456HZ/PhX+5BcwHXG9ajESmwe6WRO0tAzRUrRmNONWgkrew==

sax@^1.2.4:
  version "1.2.4"
  resolved "https://registry.yarnpkg.com/sax/-/sax-1.2.4.tgz#2816234e2378bddc4e5354fab5caa895df7100d9"
  integrity sha512-NqVDv9TpANUjFm0N8uM5GxL36UgKi9/atZw+x7YFnQ8ckwFGKrl4xX4yWtrey3UJm5nP1kUbnYgLopqWNSRhWw==

soundcloud-downloader@^0.1.5:
  version "0.1.5"
  resolved "https://registry.yarnpkg.com/soundcloud-downloader/-/soundcloud-downloader-0.1.5.tgz#170dc1f9f2e21ca3321ea78ab53332f7222e463d"
  integrity sha512-q7jKOfjX3RUAKR3gBZnhQEfjwphgw9+apsHuUCWWkd1PvSg2xjn+QtxqBtBpMEPzeJGayDTIzjDWMr+Cvmu4ag==
  dependencies:
    "@babel/runtime" "^7.10.3"
    axios "^0.20.0"
    dotenv "^8.2.0"
    m3u8stream "^0.7.1"
    soundcloud-key-fetch "^1.0.6"

soundcloud-key-fetch@^1.0.6:
  version "1.0.7"
  resolved "https://registry.yarnpkg.com/soundcloud-key-fetch/-/soundcloud-key-fetch-1.0.7.tgz#864f9320da6d014892920928144f4e98296d2df1"
  integrity sha512-vUn62qo59PlWV4s7zycc19pRkBpCwdajfhETkb0zCzejnkR1NmfaiWGy77XP9/WnuSTe9ZerY0IObY98Aqh3Pg==
